
Microsoft Visual Studio Solution File, Format Version 12.00
# Visual Studio Version 16
VisualStudioVersion = 16.0.31005.135
MinimumVisualStudioVersion = 10.0.40219.1
Project("{FAE04EC0-301F-11D3-BF4B-00C04F79EFBC}") = "PR_IT-6_2", "PR_IT-6_2\PR_IT-6_2.csproj", "{B73C2AE9-1E43-4559-8CB0-DDF72F47146B}"
EndProject
Global
	GlobalSection(SolutionConfigurationPlatforms) = preSolution
		Debug|Any CPU = Debug|Any CPU
		Release|Any CPU = Release|Any CPU
	EndGlobalSection
	GlobalSection(ProjectConfigurationPlatforms) = postSolution
		{B73C2AE9-1E43-4559-8CB0-DDF72F47146B}.Debug|Any CPU.ActiveCfg = Debug|Any CPU
		{B73C2AE9-1E43-4559-8CB0-DDF72F47146B}.Debug|Any CPU.Build.0 = Debug|Any CPU
		{B73C2AE9-1E43-4559-8CB0-DDF72F47146B}.Release|Any CPU.ActiveCfg = Release|Any CPU
		{B73C2AE9-1E43-4559-8CB0-DDF72F47146B}.Release|Any CPU.Build.0 = Release|Any CPU
	EndGlobalSection
	GlobalSection(SolutionProperties) = preSolution
		HideSolutionNode = FALSE
	EndGlobalSection
	GlobalSection(ExtensibilityGlobals) = postSolution
		SolutionGuid = {DA6BA6E4-1D72-46BF-AC13-5228DF68F377}
	EndGlobalSection
EndGlobal
